// !$*UTF8*$!
{
	archiveVersion = 1;
	classes = {
	};
	objectVersion = 50;
	objects = {

/* Begin PBXBuildFile section */
		0C2A4138233AE64000E6F90E /* Pods_TabPager.framework in Frameworks */ = {isa = PBXBuildFile; fileRef = 38813FB4D05329EFB3CCDBC1 /* Pods_TabPager.framework */; };
		FC71BEE722465A9800357E49 /* AppDelegate.swift in Sources */ = {isa = PBXBuildFile; fileRef = FC71BEE622465A9800357E49 /* AppDelegate.swift */; };
		FC71BEE922465A9800357E49 /* ViewController.swift in Sources */ = {isa = PBXBuildFile; fileRef = FC71BEE822465A9800357E49 /* ViewController.swift */; };
		FC71BEEC22465A9800357E49 /* Main.storyboard in Resources */ = {isa = PBXBuildFile; fileRef = FC71BEEA22465A9800357E49 /* Main.storyboard */; };
		FC71BEEE22465A9A00357E49 /* Assets.xcassets in Resources */ = {isa = PBXBuildFile; fileRef = FC71BEED22465A9A00357E49 /* Assets.xcassets */; };
		FC71BEF122465A9A00357E49 /* LaunchScreen.storyboard in Resources */ = {isa = PBXBuildFile; fileRef = FC71BEEF22465A9A00357E49 /* LaunchScreen.storyboard */; };
		FC71BEFC2246669D00357E49 /* OneViewController.swift in Sources */ = {isa = PBXBuildFile; fileRef = FC71BEFB2246669D00357E49 /* OneViewController.swift */; };
		FC71BEFE224666C600357E49 /* TwoViewController.swift in Sources */ = {isa = PBXBuildFile; fileRef = FC71BEFD224666C600357E49 /* TwoViewController.swift */; };
/* End PBXBuildFile section */

/* Begin PBXFileReference section */
		38813FB4D05329EFB3CCDBC1 /* Pods_TabPager.framework */ = {isa = PBXFileReference; explicitFileType = wrapper.framework; includeInIndex = 0; path = Pods_TabPager.framework; sourceTree = BUILT_PRODUCTS_DIR; };
		3B56390EA834F1CE627F1F90 /* Pods-TabPager.debug.xcconfig */ = {isa = PBXFileReference; includeInIndex = 1; lastKnownFileType = text.xcconfig; name = "Pods-TabPager.debug.xcconfig"; path = "Pods/Target Support Files/Pods-TabPager/Pods-TabPager.debug.xcconfig"; sourceTree = "<group>"; };
		AF648959C713D54C822DA542 /* Pods-TabPager.release.xcconfig */ = {isa = PBXFileReference; includeInIndex = 1; lastKnownFileType = text.xcconfig; name = "Pods-TabPager.release.xcconfig"; path = "Pods/Target Support Files/Pods-TabPager/Pods-TabPager.release.xcconfig"; sourceTree = "<group>"; };
		FC71BEE322465A9800357E49 /* TabPager.app */ = {isa = PBXFileReference; explicitFileType = wrapper.application; includeInIndex = 0; path = TabPager.app; sourceTree = BUILT_PRODUCTS_DIR; };
		FC71BEE622465A9800357E49 /* AppDelegate.swift */ = {isa = PBXFileReference; lastKnownFileType = sourcecode.swift; path = AppDelegate.swift; sourceTree = "<group>"; };
		FC71BEE822465A9800357E49 /* ViewController.swift */ = {isa = PBXFileReference; lastKnownFileType = sourcecode.swift; path = ViewController.swift; sourceTree = "<group>"; };
		FC71BEEB22465A9800357E49 /* Base */ = {isa = PBXFileReference; lastKnownFileType = file.storyboard; name = Base; path = Base.lproj/Main.storyboard; sourceTree = "<group>"; };
		FC71BEED22465A9A00357E49 /* Assets.xcassets */ = {isa = PBXFileReference; lastKnownFileType = folder.assetcatalog; path = Assets.xcassets; sourceTree = "<group>"; };
		FC71BEF022465A9A00357E49 /* Base */ = {isa = PBXFileReference; lastKnownFileType = file.storyboard; name = Base; path = Base.lproj/LaunchScreen.storyboard; sourceTree = "<group>"; };
		FC71BEF222465A9A00357E49 /* Info.plist */ = {isa = PBXFileReference; lastKnownFileType = text.plist.xml; path = Info.plist; sourceTree = "<group>"; };
		FC71BEFB2246669D00357E49 /* OneViewController.swift */ = {isa = PBXFileReference; lastKnownFileType = sourcecode.swift; path = OneViewController.swift; sourceTree = "<group>"; };
		FC71BEFD224666C600357E49 /* TwoViewController.swift */ = {isa = PBXFileReference; lastKnownFileType = sourcecode.swift; path = TwoViewController.swift; sourceTree = "<group>"; };
/* End PBXFileReference section */

/* Begin PBXFrameworksBuildPhase section */
		FC71BEE022465A9800357E49 /* Frameworks */ = {
			isa = PBXFrameworksBuildPhase;
			buildActionMask = 2147483647;
			files = (
				0C2A4138233AE64000E6F90E /* Pods_TabPager.framework in Frameworks */,
			);
			runOnlyForDeploymentPostprocessing = 0;
		};
/* End PBXFrameworksBuildPhase section */

/* Begin PBXGroup section */
		3AC4BE4986D5F08825003A66 /* Frameworks */ = {
			isa = PBXGroup;
			children = (
				38813FB4D05329EFB3CCDBC1 /* Pods_TabPager.framework */,
			);
			name = Frameworks;
			sourceTree = "<group>";
		};
		A5205573764245B4879A7862 /* Pods */ = {
			isa = PBXGroup;
			children = (
				3B56390EA834F1CE627F1F90 /* Pods-TabPager.debug.xcconfig */,
				AF648959C713D54C822DA542 /* Pods-TabPager.release.xcconfig */,
			);
			name = Pods;
			sourceTree = "<group>";
		};
		FC71BEDA22465A9800357E49 = {
			isa = PBXGroup;
			children = (
				FC71BEE522465A9800357E49 /* TabPager */,
				FC71BEE422465A9800357E49 /* Products */,
				A5205573764245B4879A7862 /* Pods */,
				3AC4BE4986D5F08825003A66 /* Frameworks */,
			);
			sourceTree = "<group>";
		};
		FC71BEE422465A9800357E49 /* Products */ = {
			isa = PBXGroup;
			children = (
				FC71BEE322465A9800357E49 /* TabPager.app */,
			);
			name = Products;
			sourceTree = "<group>";
		};
		FC71BEE522465A9800357E49 /* TabPager */ = {
			isa = PBXGroup;
			children = (
				FC71BEF8224661DD00357E49 /* View */,
				FC71BEE622465A9800357E49 /* AppDelegate.swift */,
				FC71BEE822465A9800357E49 /* ViewController.swift */,
				FC71BEEA22465A9800357E49 /* Main.storyboard */,
				FC71BEED22465A9A00357E49 /* Assets.xcassets */,
				FC71BEEF22465A9A00357E49 /* LaunchScreen.storyboard */,
				FC71BEF222465A9A00357E49 /* Info.plist */,
				FC71BEFB2246669D00357E49 /* OneViewController.swift */,
				FC71BEFD224666C600357E49 /* TwoViewController.swift */,
			);
			path = TabPager;
			sourceTree = "<group>";
		};
		FC71BEF8224661DD00357E49 /* View */ = {
			isa = PBXGroup;
			children = (
			);
			path = View;
			sourceTree = "<group>";
		};
/* End PBXGroup section */

/* Begin PBXNativeTarget section */
		FC71BEE222465A9800357E49 /* TabPager */ = {
			isa = PBXNativeTarget;
			buildConfigurationList = FC71BEF522465A9A00357E49 /* Build configuration list for PBXNativeTarget "TabPager" */;
			buildPhases = (
				557E5B2F883C7CD4219706F0 /* [CP] Check Pods Manifest.lock */,
				FC71BEDF22465A9800357E49 /* Sources */,
				FC71BEE022465A9800357E49 /* Frameworks */,
				FC71BEE122465A9800357E49 /* Resources */,
				CE48B3C7E8B35139DEDF93A1 /* [CP] Embed Pods Frameworks */,
			);
			buildRules = (
			);
			dependencies = (
			);
			name = TabPager;
			productName = TabPager;
			productReference = FC71BEE322465A9800357E49 /* TabPager.app */;
			productType = "com.apple.product-type.application";
		};
/* End PBXNativeTarget section */

/* Begin PBXProject section */
		FC71BEDB22465A9800357E49 /* Project object */ = {
			isa = PBXProject;
			attributes = {
				LastSwiftUpdateCheck = 1020;
				LastUpgradeCheck = 1020;
				ORGANIZATIONNAME = "Anhar Solehudin";
				TargetAttributes = {
					FC71BEE222465A9800357E49 = {
						CreatedOnToolsVersion = 10.2;
					};
				};
			};
			buildConfigurationList = FC71BEDE22465A9800357E49 /* Build configuration list for PBXProject "TabPager" */;
			compatibilityVersion = "Xcode 9.3";
			developmentRegion = en;
			hasScannedForEncodings = 0;
			knownRegions = (
				en,
				Base,
			);
			mainGroup = FC71BEDA22465A9800357E49;
			productRefGroup = FC71BEE422465A9800357E49 /* Products */;
			projectDirPath = "";
			projectRoot = "";
			targets = (
				FC71BEE222465A9800357E49 /* TabPager */,
			);
		};
/* End PBXProject section */

/* Begin PBXResourcesBuildPhase section */
		FC71BEE122465A9800357E49 /* Resources */ = {
			isa = PBXResourcesBuildPhase;
			buildActionMask = 2147483647;
			files = (
				FC71BEF122465A9A00357E49 /* LaunchScreen.storyboard in Resources */,
				FC71BEEE22465A9A00357E49 /* Assets.xcassets in Resources */,
				FC71BEEC22465A9800357E49 /* Main.storyboard in Resources */,
			);
			runOnlyForDeploymentPostprocessing = 0;
		};
/* End PBXResourcesBuildPhase section */

/* Begin PBXShellScriptBuildPhase section */
		557E5B2F883C7CD4219706F0 /* [CP] Check Pods Manifest.lock */ = {
			isa = PBXShellScriptBuildPhase;
			buildActionMask = 2147483647;
			files = (
			);
			inputPaths = (
				"${PODS_PODFILE_DIR_PATH}/Podfile.lock",
				"${PODS_ROOT}/Manifest.lock",
			);
			name = "[CP] Check Pods Manifest.lock";
			outputPaths = (
				"$(DERIVED_FILE_DIR)/Pods-TabPager-checkManifestLockResult.txt",
			);
			runOnlyForDeploymentPostprocessing = 0;
			shellPath = /bin/sh;
			shellScript = "diff \"${PODS_PODFILE_DIR_PATH}/Podfile.lock\" \"${PODS_ROOT}/Manifest.lock\" > /dev/null\nif [ $? != 0 ] ; then\n    # print error to STDERR\n    echo \"error: The sandbox is not in sync with the Podfile.lock. Run 'pod install' or update your CocoaPods installation.\" >&2\n    exit 1\nfi\n# This output is used by Xcode 'outputs' to avoid re-running this script phase.\necho \"SUCCESS\" > \"${SCRIPT_OUTPUT_FILE_0}\"\n";
			showEnvVarsInLog = 0;
		};
		CE48B3C7E8B35139DEDF93A1 /* [CP] Embed Pods Frameworks */ = {
			isa = PBXShellScriptBuildPhase;
			buildActionMask = 2147483647;
			files = (
			);
			inputPaths = (
				"${SRCROOT}/Pods/Target Support Files/Pods-TabPager/Pods-TabPager-frameworks.sh",
				"${BUILT_PRODUCTS_DIR}/XLPagerTabStrip/XLPagerTabStrip.framework",
			);
			name = "[CP] Embed Pods Frameworks";
			outputPaths = (
				"${TARGET_BUILD_DIR}/${FRAMEWORKS_FOLDER_PATH}/XLPagerTabStrip.framework",
			);
			runOnlyForDeploymentPostprocessing = 0;
			shellPath = /bin/sh;
			shellScript = "\"${SRCROOT}/Pods/Target Support Files/Pods-TabPager/Pods-TabPager-frameworks.sh\"\n";
			showEnvVarsInLog = 0;
		};
/* End PBXShellScriptBuildPhase section */

/* Begin PBXSourcesBuildPhase section */
		FC71BEDF22465A9800357E49 /* Sources */ = {
			isa = PBXSourcesBuildPhase;
			buildActionMask = 2147483647;
			files = (
				FC71BEFC2246669D00357E49 /* OneViewController.swift in Sources */,
				FC71BEE922465A9800357E49 /* ViewController.swift in Sources */,
				FC71BEE722465A9800357E49 /* AppDelegate.swift in Sources */,
				FC71BEFE224666C600357E49 /* TwoViewController.swift in Sources */,
			);
			runOnlyForDeploymentPostprocessing = 0;
		};
/* End PBXSourcesBuildPhase section */

/* Begin PBXVariantGroup section */
		FC71BEEA22465A9800357E49 /* Main.storyboard */ = {
			isa = PBXVariantGroup;
			children = (
				FC71BEEB22465A9800357E49 /* Base */,
			);
			name = Main.storyboard;
			sourceTree = "<group>";
		};
		FC71BEEF22465A9A00357E49 /* LaunchScreen.storyboard */ = {
			isa = PBXVariantGroup;
			children = (
				FC71BEF022465A9A00357E49 /* Base */,
			);
			name = LaunchScreen.storyboard;
			sourceTree = "<group>";
		};
/* End PBXVariantGroup section */

/* Begin XCBuildConfiguration section */
		FC71BEF322465A9A00357E49 /* Debug */ = {
			isa = XCBuildConfiguration;
			buildSettings = {
				ALWAYS_SEARCH_USER_PATHS = NO;
				CLANG_ANALYZER_NONNULL = YES;
				CLANG_ANALYZER_NUMBER_OBJECT_CONVERSION = YES_AGGRESSIVE;
				CLANG_CXX_LANGUAGE_STANDARD = "gnu++14";
				CLANG_CXX_LIBRARY = "libc++";
				CLANG_ENABLE_MODULES = YES;
				CLANG_ENABLE_OBJC_ARC = YES;
				CLANG_ENABLE_OBJC_WEAK = YES;
				CLANG_WARN_BLOCK_CAPTURE_AUTORELEASING = YES;
				CLANG_WARN_BOOL_CONVERSION = YES;
				CLANG_WARN_COMMA = YES;
				CLANG_WARN_CONSTANT_CONVERSION = YES;
				CLANG_WARN_DEPRECATED_OBJC_IMPLEMENTATIONS = YES;
				CLANG_WARN_DIRECT_OBJC_ISA_USAGE = YES_ERROR;
				CLANG_WARN_DOCUMENTATION_COMMENTS = YES;
				CLANG_WARN_EMPTY_BODY = YES;
				CLANG_WARN_ENUM_CONVERSION = YES;
				CLANG_WARN_INFINITE_RECURSION = YES;
				CLANG_WARN_INT_CONVERSION = YES;
				CLANG_WARN_NON_LITERAL_NULL_CONVERSION = YES;
				CLANG_WARN_OBJC_IMPLICIT_RETAIN_SELF = YES;
				CLANG_WARN_OBJC_LITERAL_CONVERSION = YES;
				CLANG_WARN_OBJC_ROOT_CLASS = YES_ERROR;
				CLANG_WARN_RANGE_LOOP_ANALYSIS = YES;
				CLANG_WARN_STRICT_PROTOTYPES = YES;
				CLANG_WARN_SUSPICIOUS_MOVE = YES;
				CLANG_WARN_UNGUARDED_AVAILABILITY = YES_AGGRESSIVE;
				CLANG_WARN_UNREACHABLE_CODE = YES;
				CLANG_WARN__DUPLICATE_METHOD_MATCH = YES;
				CODE_SIGN_IDENTITY = "iPhone Developer";
				COPY_PHASE_STRIP = NO;
				DEBUG_INFORMATION_FORMAT = dwarf;
				ENABLE_STRICT_OBJC_MSGSEND = YES;
				ENABLE_TESTABILITY = YES;
				GCC_C_LANGUAGE_STANDARD = gnu11;
				GCC_DYNAMIC_NO_PIC = NO;
				GCC_NO_COMMON_BLOCKS = YES;
				GCC_OPTIMIZATION_LEVEL = 0;
				GCC_PREPROCESSOR_DEFINITIONS = (
					"DEBUG=1",
					"$(inherited)",
				);
				GCC_WARN_64_TO_32_BIT_CONVERSION = YES;
				GCC_WARN_ABOUT_RETURN_TYPE = YES_ERROR;
				GCC_WARN_UNDECLARED_SELECTOR = YES;
				GCC_WARN_UNINITIALIZED_AUTOS = YES_AGGRESSIVE;
				GCC_WARN_UNUSED_FUNCTION = YES;
				GCC_WARN_UNUSED_VARIABLE = YES;
				IPHONEOS_DEPLOYMENT_TARGET = 12.2;
				MTL_ENABLE_DEBUG_INFO = INCLUDE_SOURCE;
				MTL_FAST_MATH = YES;
				ONLY_ACTIVE_ARCH = YES;
				SDKROOT = iphoneos;
				SWIFT_ACTIVE_COMPILATION_CONDITIONS = DEBUG;
				SWIFT_OPTIMIZATION_LEVEL = "-Onone";
			};
			name = Debug;
		};
		FC71BEF422465A9A00357E49 /* Release */ = {
			isa = XCBuildConfiguration;
			buildSettings = {
				ALWAYS_SEARCH_USER_PATHS = NO;
				CLANG_ANALYZER_NONNULL = YES;
				CLANG_ANALYZER_NUMBER_OBJECT_CONVERSION = YES_AGGRESSIVE;
				CLANG_CXX_LANGUAGE_STANDARD = "gnu++14";
				CLANG_CXX_LIBRARY = "libc++";
				CLANG_ENABLE_MODULES = YES;
				CLANG_ENABLE_OBJC_ARC = YES;
				CLANG_ENABLE_OBJC_WEAK = YES;
				CLANG_WARN_BLOCK_CAPTURE_AUTORELEASING = YES;
				CLANG_WARN_BOOL_CONVERSION = YES;
				CLANG_WARN_COMMA = YES;
				CLANG_WARN_CONSTANT_CONVERSION = YES;
				CLANG_WARN_DEPRECATED_OBJC_IMPLEMENTATIONS = YES;
				CLANG_WARN_DIRECT_OBJC_ISA_USAGE = YES_ERROR;
				CLANG_WARN_DOCUMENTATION_COMMENTS = YES;
				CLANG_WARN_EMPTY_BODY = YES;
				CLANG_WARN_ENUM_CONVERSION = YES;
				CLANG_WARN_INFINITE_RECURSION = YES;
				CLANG_WARN_INT_CONVERSION = YES;
				CLANG_WARN_NON_LITERAL_NULL_CONVERSION = YES;
				CLANG_WARN_OBJC_IMPLICIT_RETAIN_SELF = YES;
				CLANG_WARN_OBJC_LITERAL_CONVERSION = YES;
				CLANG_WARN_OBJC_ROOT_CLASS = YES_ERROR;
				CLANG_WARN_RANGE_LOOP_ANALYSIS = YES;
				CLANG_WARN_STRICT_PROTOTYPES = YES;
				CLANG_WARN_SUSPICIOUS_MOVE = YES;
				CLANG_WARN_UNGUARDED_AVAILABILITY = YES_AGGRESSIVE;
				CLANG_WARN_UNREACHABLE_CODE = YES;
				CLANG_WARN__DUPLICATE_METHOD_MATCH = YES;
				CODE_SIGN_IDENTITY = "iPhone Developer";
				COPY_PHASE_STRIP = NO;
				DEBUG_INFORMATION_FORMAT = "dwarf-with-dsym";
				ENABLE_NS_ASSERTIONS = NO;
				ENABLE_STRICT_OBJC_MSGSEND = YES;
				GCC_C_LANGUAGE_STANDARD = gnu11;
				GCC_NO_COMMON_BLOCKS = YES;
				GCC_WARN_64_TO_32_BIT_CONVERSION = YES;
				GCC_WARN_ABOUT_RETURN_TYPE = YES_ERROR;
				GCC_WARN_UNDECLARED_SELECTOR = YES;
				GCC_WARN_UNINITIALIZED_AUTOS = YES_AGGRESSIVE;
				GCC_WARN_UNUSED_FUNCTION = YES;
				GCC_WARN_UNUSED_VARIABLE = YES;
				IPHONEOS_DEPLOYMENT_TARGET = 12.2;
				MTL_ENABLE_DEBUG_INFO = NO;
				MTL_FAST_MATH = YES;
				SDKROOT = iphoneos;
				SWIFT_COMPILATION_MODE = wholemodule;
				SWIFT_OPTIMIZATION_LEVEL = "-O";
				VALIDATE_PRODUCT = YES;
			};
			name = Release;
		};
		FC71BEF622465A9A00357E49 /* Debug */ = {
			isa = XCBuildConfiguration;
			baseConfigurationReference = 3B56390EA834F1CE627F1F90 /* Pods-TabPager.debug.xcconfig */;
			buildSettings = {
				ASSETCATALOG_COMPILER_APPICON_NAME = AppIcon;
				CODE_SIGN_STYLE = Automatic;
				DEVELOPMENT_TEAM = 9P5JBV8QM2;
				INFOPLIST_FILE = TabPager/Info.plist;
				LD_RUNPATH_SEARCH_PATHS = (
					"$(inherited)",
					"@executable_path/Frameworks",
				);
				PRODUCT_BUNDLE_IDENTIFIER = com.harscode.TabPager;
				PRODUCT_NAME = "$(TARGET_NAME)";
				SWIFT_VERSION = 5.0;
				TARGETED_DEVICE_FAMILY = "1,2";
			};
			name = Debug;
		};
		FC71BEF722465A9A00357E49 /* Release */ = {
			isa = XCBuildConfiguration;
			baseConfigurationReference = AF648959C713D54C822DA542 /* Pods-TabPager.release.xcconfig */;
			buildSettings = {
				ASSETCATALOG_COMPILER_APPICON_NAME = AppIcon;
				CODE_SIGN_STYLE = Automatic;
				DEVELOPMENT_TEAM = 9P5JBV8QM2;
				INFOPLIST_FILE = TabPager/Info.plist;
				LD_RUNPATH_SEARCH_PATHS = (
					"$(inherited)",
					"@executable_path/Frameworks",
				);
				PRODUCT_BUNDLE_IDENTIFIER = com.harscode.TabPager;
				PRODUCT_NAME = "$(TARGET_NAME)";
				SWIFT_VERSION = 5.0;
				TARGETED_DEVICE_FAMILY = "1,2";
			};
			name = Release;
		};
/* End XCBuildConfiguration section */

/* Begin XCConfigurationList section */
		FC71BEDE22465A9800357E49 /* Build configuration list for PBXProject "TabPager" */ = {
			isa = XCConfigurationList;
			buildConfigurations = (
				FC71BEF322465A9A00357E49 /* Debug */,
				FC71BEF422465A9A00357E49 /* Release */,
			);
			defaultConfigurationIsVisible = 0;
			defaultConfigurationName = Release;
		};
		FC71BEF522465A9A00357E49 /* Build configuration list for PBXNativeTarget "TabPager" */ = {
			isa = XCConfigurationList;
			buildConfigurations = (
				FC71BEF622465A9A00357E49 /* Debug */,
				FC71BEF722465A9A00357E49 /* Release */,
			);
			defaultConfigurationIsVisible = 0;
			defaultConfigurationName = Release;
		};
/* End XCConfigurationList section */
	};
	rootObject = FC71BEDB22465A9800357E49 /* Project object */;
}
